<?xml version="1.0" encoding="utf-8"?>
<Project ToolsVersion="4.0" xmlns="http://schemas.microsoft.com/developer/msbuild/2003">
  <ItemGroup>
    <Filter Include="Source Files">
      <UniqueIdentifier>{4FC737F1-C7A5-4376-A066-2A32D752A2FF}</UniqueIdentifier>
      <Extensions>cpp;c;cc;cxx;c++;cppm;ixx;def;odl;idl;hpj;bat;asm;asmx</Extensions>
    </Filter>
    <Filter Include="Header Files">
      <UniqueIdentifier>{93995380-89BD-4b04-88EB-625FBE52EBFB}</UniqueIdentifier>
      <Extensions>h;hh;hpp;hxx;h++;hm;inl;inc;ipp;xsd</Extensions>
    </Filter>
    <Filter Include="Resource Files">
      <UniqueIdentifier>{67DA6AB6-F800-4c08-8B7A-83BB121AAD01}</UniqueIdentifier>
      <Extensions>rc;ico;cur;bmp;dlg;rc2;rct;bin;rgs;gif;jpg;jpeg;jpe;resx;tiff;tif;png;wav;mfcribbon-ms</Extensions>
    </Filter>
    <Filter Include="Header Files\Core">
      <UniqueIdentifier>{a7efdda5-92bf-4764-9e20-93df6078f473}</UniqueIdentifier>
    </Filter>
    <Filter Include="Header Files\Data">
      <UniqueIdentifier>{c212f1c8-d48b-4d4a-bd80-d13679ec9fac}</UniqueIdentifier>
    </Filter>
    <Filter Include="Header Files\Math">
      <UniqueIdentifier>{117737de-f8a1-47cb-8bf6-809ba490826a}</UniqueIdentifier>
    </Filter>
  </ItemGroup>
  <ItemGroup>
    <ClCompile Include="MathFunctions.cpp">
      <Filter>Source Files</Filter>
    </ClCompile>
  </ItemGroup>
  <ItemGroup>
    <ClInclude Include="..\include\rkit\Core\Atomic.h">
      <Filter>Header Files\Core</Filter>
    </ClInclude>
    <ClInclude Include="..\include\rkit\Core\BoolVector.h">
      <Filter>Header Files\Core</Filter>
    </ClInclude>
    <ClInclude Include="..\include\rkit\Core\BufferStream.h">
      <Filter>Header Files\Core</Filter>
    </ClInclude>
    <ClInclude Include="..\include\rkit\Core\CallbackVector.h">
      <Filter>Header Files\Core</Filter>
    </ClInclude>
    <ClInclude Include="..\include\rkit\Core\CharacterEncoding.h">
      <Filter>Header Files\Core</Filter>
    </ClInclude>
    <ClInclude Include="..\include\rkit\Core\CharacterEncodingValidator.h">
      <Filter>Header Files\Core</Filter>
    </ClInclude>
    <ClInclude Include="..\include\rkit\Core\CharCompare.h">
      <Filter>Header Files\Core</Filter>
    </ClInclude>
    <ClInclude Include="..\include\rkit\Core\CoreDefs.h">
      <Filter>Header Files\Core</Filter>
    </ClInclude>
    <ClInclude Include="..\include\rkit\Core\CoreLib.h">
      <Filter>Header Files\Core</Filter>
    </ClInclude>
    <ClInclude Include="..\include\rkit\Core\Coroutine.h">
      <Filter>Header Files\Core</Filter>
    </ClInclude>
    <ClInclude Include="..\include\rkit\Core\CoroutineCompiler.h">
      <Filter>Header Files\Core</Filter>
    </ClInclude>
    <ClInclude Include="..\include\rkit\Core\CoroutineProtos.h">
      <Filter>Header Files\Core</Filter>
    </ClInclude>
    <ClInclude Include="..\include\rkit\Core\CoroutineWrapper.h">
      <Filter>Header Files\Core</Filter>
    </ClInclude>
    <ClInclude Include="..\include\rkit\Core\DirectoryScan.h">
      <Filter>Header Files\Core</Filter>
    </ClInclude>
    <ClInclude Include="..\include\rkit\Core\DriverModuleInitParams.h">
      <Filter>Header Files\Core</Filter>
    </ClInclude>
    <ClInclude Include="..\include\rkit\Core\DriverModuleStub.h">
      <Filter>Header Files\Core</Filter>
    </ClInclude>
    <ClInclude Include="..\include\rkit\Core\Drivers.h">
      <Filter>Header Files\Core</Filter>
    </ClInclude>
    <ClInclude Include="..\include\rkit\Core\DynamicCastable.h">
      <Filter>Header Files\Core</Filter>
    </ClInclude>
    <ClInclude Include="..\include\rkit\Core\Endian.h">
      <Filter>Header Files\Core</Filter>
    </ClInclude>
    <ClInclude Include="..\include\rkit\Core\EnumEnumerator.h">
      <Filter>Header Files\Core</Filter>
    </ClInclude>
    <ClInclude Include="..\include\rkit\Core\EnumMask.h">
      <Filter>Header Files\Core</Filter>
    </ClInclude>
    <ClInclude Include="..\include\rkit\Core\Event.h">
      <Filter>Header Files\Core</Filter>
    </ClInclude>
    <ClInclude Include="..\include\rkit\Core\FileAttributes.h">
      <Filter>Header Files\Core</Filter>
    </ClInclude>
    <ClInclude Include="..\include\rkit\Core\Format.h">
      <Filter>Header Files\Core</Filter>
    </ClInclude>
    <ClInclude Include="..\include\rkit\Core\FormatProtos.h">
      <Filter>Header Files\Core</Filter>
    </ClInclude>
    <ClInclude Include="..\include\rkit\Core\FourCC.h">
      <Filter>Header Files\Core</Filter>
    </ClInclude>
    <ClInclude Include="..\include\rkit\Core\FPControl.h">
      <Filter>Header Files\Core</Filter>
    </ClInclude>
    <ClInclude Include="..\include\rkit\Core\FPControlSSE.h">
      <Filter>Header Files\Core</Filter>
    </ClInclude>
    <ClInclude Include="..\include\rkit\Core\FPRounding.h">
      <Filter>Header Files\Core</Filter>
    </ClInclude>
    <ClInclude Include="..\include\rkit\Core\Future.h">
      <Filter>Header Files\Core</Filter>
    </ClInclude>
    <ClInclude Include="..\include\rkit\Core\FutureProtos.h">
      <Filter>Header Files\Core</Filter>
    </ClInclude>
    <ClInclude Include="..\include\rkit\Core\Hasher.h">
      <Filter>Header Files\Core</Filter>
    </ClInclude>
    <ClInclude Include="..\include\rkit\Core\HashTable.h">
      <Filter>Header Files\Core</Filter>
    </ClInclude>
    <ClInclude Include="..\include\rkit\Core\HashValue.h">
      <Filter>Header Files\Core</Filter>
    </ClInclude>
    <ClInclude Include="..\include\rkit\Core\HybridVector.h">
      <Filter>Header Files\Core</Filter>
    </ClInclude>
    <ClInclude Include="..\include\rkit\Core\ImplicitNumberCast.h">
      <Filter>Header Files\Core</Filter>
    </ClInclude>
    <ClInclude Include="..\include\rkit\Core\IntList.h">
      <Filter>Header Files\Core</Filter>
    </ClInclude>
    <ClInclude Include="..\include\rkit\Core\Job.h">
      <Filter>Header Files\Core</Filter>
    </ClInclude>
    <ClInclude Include="..\include\rkit\Core\JobDependencyList.h">
      <Filter>Header Files\Core</Filter>
    </ClInclude>
    <ClInclude Include="..\include\rkit\Core\JobQueue.h">
      <Filter>Header Files\Core</Filter>
    </ClInclude>
    <ClInclude Include="..\include\rkit\Core\JobTypeList.h">
      <Filter>Header Files\Core</Filter>
    </ClInclude>
    <ClInclude Include="..\include\rkit\Core\LogDriver.h">
      <Filter>Header Files\Core</Filter>
    </ClInclude>
    <ClInclude Include="..\include\rkit\Core\MallocDriver.h">
      <Filter>Header Files\Core</Filter>
    </ClInclude>
    <ClInclude Include="..\include\rkit\Core\MemoryStream.h">
      <Filter>Header Files\Core</Filter>
    </ClInclude>
    <ClInclude Include="..\include\rkit\Core\Module.h">
      <Filter>Header Files\Core</Filter>
    </ClInclude>
    <ClInclude Include="..\include\rkit\Core\ModuleDriver.h">
      <Filter>Header Files\Core</Filter>
    </ClInclude>
    <ClInclude Include="..\include\rkit\Core\ModuleGlue.h">
      <Filter>Header Files\Core</Filter>
    </ClInclude>
    <ClInclude Include="..\include\rkit\Core\MultiNestedObject.h">
      <Filter>Header Files\Core</Filter>
    </ClInclude>
    <ClInclude Include="..\include\rkit\Core\Mutex.h">
      <Filter>Header Files\Core</Filter>
    </ClInclude>
    <ClInclude Include="..\include\rkit\Core\MutexLock.h">
      <Filter>Header Files\Core</Filter>
    </ClInclude>
    <ClInclude Include="..\include\rkit\Core\NewDelete.h">
      <Filter>Header Files\Core</Filter>
    </ClInclude>
    <ClInclude Include="..\include\rkit\Core\NoCopy.h">
      <Filter>Header Files\Core</Filter>
    </ClInclude>
    <ClInclude Include="..\include\rkit\Core\Opaque.h">
      <Filter>Header Files\Core</Filter>
    </ClInclude>
    <ClInclude Include="..\include\rkit\Core\OpaquePairing.h">
      <Filter>Header Files\Core</Filter>
    </ClInclude>
    <ClInclude Include="..\include\rkit\Core\Optional.h">
      <Filter>Header Files\Core</Filter>
    </ClInclude>
    <ClInclude Include="..\include\rkit\Core\Ordering.h">
      <Filter>Header Files\Core</Filter>
    </ClInclude>
    <ClInclude Include="..\include\rkit\Core\Pair.h">
      <Filter>Header Files\Core</Filter>
    </ClInclude>
    <ClInclude Include="..\include\rkit\Core\Path.h">
      <Filter>Header Files\Core</Filter>
    </ClInclude>
    <ClInclude Include="..\include\rkit\Core\PathProto.h">
      <Filter>Header Files\Core</Filter>
    </ClInclude>
    <ClInclude Include="..\include\rkit\Core\Platform.h">
      <Filter>Header Files\Core</Filter>
    </ClInclude>
    <ClInclude Include="..\include\rkit\Core\ProgramDriver.h">
      <Filter>Header Files\Core</Filter>
    </ClInclude>
    <ClInclude Include="..\include\rkit\Core\ProgramStub.h">
      <Filter>Header Files\Core</Filter>
    </ClInclude>
    <ClInclude Include="..\include\rkit\Core\QuickSort.h">
      <Filter>Header Files\Core</Filter>
    </ClInclude>
    <ClInclude Include="..\include\rkit\Core\RefCounted.h">
      <Filter>Header Files\Core</Filter>
    </ClInclude>
    <ClInclude Include="..\include\rkit\Core\ResizableRingBuffer.h">
      <Filter>Header Files\Core</Filter>
    </ClInclude>
    <ClInclude Include="..\include\rkit\Core\Result.h">
      <Filter>Header Files\Core</Filter>
    </ClInclude>
    <ClInclude Include="..\include\rkit\Core\ResultCode.h">
      <Filter>Header Files\Core</Filter>
    </ClInclude>
    <ClInclude Include="..\include\rkit\Core\RKitAssert.h">
      <Filter>Header Files\Core</Filter>
    </ClInclude>
    <ClInclude Include="..\include\rkit\Core\SharedPtr.h">
      <Filter>Header Files\Core</Filter>
    </ClInclude>
    <ClInclude Include="..\include\rkit\Core\ShellDriver.h">
      <Filter>Header Files\Core</Filter>
    </ClInclude>
    <ClInclude Include="..\include\rkit\Core\SimpleObjectAllocation.h">
      <Filter>Header Files\Core</Filter>
    </ClInclude>
    <ClInclude Include="..\include\rkit\Core\SmoothSort.h">
      <Filter>Header Files\Core</Filter>
    </ClInclude>
    <ClInclude Include="..\include\rkit\Core\Span.h">
      <Filter>Header Files\Core</Filter>
    </ClInclude>
    <ClInclude Include="..\include\rkit\Core\SpanProtos.h">
      <Filter>Header Files\Core</Filter>
    </ClInclude>
    <ClInclude Include="..\include\rkit\Core\StaticArray.h">
      <Filter>Header Files\Core</Filter>
    </ClInclude>
    <ClInclude Include="..\include\rkit\Core\StaticBoolArray.h">
      <Filter>Header Files\Core</Filter>
    </ClInclude>
    <ClInclude Include="..\include\rkit\Core\Stream.h">
      <Filter>Header Files\Core</Filter>
    </ClInclude>
    <ClInclude Include="..\include\rkit\Core\StreamProtos.h">
      <Filter>Header Files\Core</Filter>
    </ClInclude>
    <ClInclude Include="..\include\rkit\Core\String.h">
      <Filter>Header Files\Core</Filter>
    </ClInclude>
    <ClInclude Include="..\include\rkit\Core\StringPool.h">
      <Filter>Header Files\Core</Filter>
    </ClInclude>
    <ClInclude Include="..\include\rkit\Core\StringProto.h">
      <Filter>Header Files\Core</Filter>
    </ClInclude>
    <ClInclude Include="..\include\rkit\Core\StringUtil.h">
      <Filter>Header Files\Core</Filter>
    </ClInclude>
    <ClInclude Include="..\include\rkit\Core\StringView.h">
      <Filter>Header Files\Core</Filter>
    </ClInclude>
    <ClInclude Include="..\include\rkit\Core\SystemDriver.h">
      <Filter>Header Files\Core</Filter>
    </ClInclude>
    <ClInclude Include="..\include\rkit\Core\Thread.h">
      <Filter>Header Files\Core</Filter>
    </ClInclude>
    <ClInclude Include="..\include\rkit\Core\Timestamp.h">
      <Filter>Header Files\Core</Filter>
    </ClInclude>
    <ClInclude Include="..\include\rkit\Core\Tuple.h">
      <Filter>Header Files\Core</Filter>
    </ClInclude>
    <ClInclude Include="..\include\rkit\Core\TupleProtos.h">
      <Filter>Header Files\Core</Filter>
    </ClInclude>
    <ClInclude Include="..\include\rkit\Core\TypeList.h">
      <Filter>Header Files\Core</Filter>
    </ClInclude>
    <ClInclude Include="..\include\rkit\Core\TypeTaggedUnion.h">
      <Filter>Header Files\Core</Filter>
    </ClInclude>
    <ClInclude Include="..\include\rkit\Core\TypeTraits.h">
      <Filter>Header Files\Core</Filter>
    </ClInclude>
    <ClInclude Include="..\include\rkit\Core\TypeTuple.h">
      <Filter>Header Files\Core</Filter>
    </ClInclude>
    <ClInclude Include="..\include\rkit\Core\TypeUtils.h">
      <Filter>Header Files\Core</Filter>
    </ClInclude>
    <ClInclude Include="..\include\rkit\Core\Unicode.h">
      <Filter>Header Files\Core</Filter>
    </ClInclude>
    <ClInclude Include="..\include\rkit\Core\UniquePtr.h">
      <Filter>Header Files\Core</Filter>
    </ClInclude>
    <ClInclude Include="..\include\rkit\Core\UtilitiesDriver.h">
      <Filter>Header Files\Core</Filter>
    </ClInclude>
    <ClInclude Include="..\include\rkit\Core\Vector.h">
      <Filter>Header Files\Core</Filter>
    </ClInclude>
    <ClInclude Include="..\include\rkit\Core\Algorithm.h">
      <Filter>Header Files\Core</Filter>
    </ClInclude>
    <ClInclude Include="..\include\rkit\Core\AsyncFile.h">
      <Filter>Header Files\Core</Filter>
    </ClInclude>
    <ClInclude Include="..\include\rkit\Data\DDSFile.h">
      <Filter>Header Files\Data</Filter>
    </ClInclude>
    <ClInclude Include="..\include\rkit\Data\RenderDataHandler.h">
      <Filter>Header Files\Data</Filter>
    </ClInclude>
    <ClInclude Include="..\include\rkit\Data\ContentID.h">
      <Filter>Header Files\Data</Filter>
    </ClInclude>
    <ClInclude Include="..\include\rkit\Data\DataDriver.h">
      <Filter>Header Files\Data</Filter>
    </ClInclude>
    <ClInclude Include="..\include\rkit\Math\VecProto.h">
      <Filter>Header Files\Math</Filter>
    </ClInclude>
    <ClInclude Include="..\include\rkit\Math\BitOps.h">
      <Filter>Header Files\Math</Filter>
    </ClInclude>
    <ClInclude Include="..\include\rkit\Math\ExtendedOps.h">
      <Filter>Header Files\Math</Filter>
    </ClInclude>
    <ClInclude Include="..\include\rkit\Math\Functions.h">
      <Filter>Header Files\Math</Filter>
    </ClInclude>
    <ClInclude Include="..\include\rkit\Math\Mat.h">
      <Filter>Header Files\Math</Filter>
    </ClInclude>
    <ClInclude Include="..\include\rkit\Math\MatProto.h">
      <Filter>Header Files\Math</Filter>
    </ClInclude>
    <ClInclude Include="..\include\rkit\Math\Quat.h">
      <Filter>Header Files\Math</Filter>
    </ClInclude>
    <ClInclude Include="..\include\rkit\Math\QuatProto.h">
      <Filter>Header Files\Math</Filter>
    </ClInclude>
    <ClInclude Include="..\include\rkit\Math\SoftFloat.h">
      <Filter>Header Files\Math</Filter>
    </ClInclude>
    <ClInclude Include="..\include\rkit\Math\UInt128.h">
      <Filter>Header Files\Math</Filter>
    </ClInclude>
    <ClInclude Include="..\include\rkit\Math\Vec.h">
      <Filter>Header Files\Math</Filter>
    </ClInclude>
    <ClInclude Include="..\include\rkit\Math\TRMat34.h">
      <Filter>Header Files\Math</Filter>
    </ClInclude>
  </ItemGroup>
</Project>