
Microsoft Visual Studio Solution File, Format Version 12.00
# Visual Studio Version 17
VisualStudioVersion = 17.9.34607.119
MinimumVisualStudioVersion = 10.0.40219.1
Project("{8BC9CEB8-8B4A-11D0-8D11-00A0C91BC942}") = "Anox_Build", "Anox_Build\Anox_Build.vcxproj", "{F9F0701E-9696-BA59-4544-4E196F8BB48F}"
	ProjectSection(ProjectDependencies) = postProject
		{94535B26-D553-93D7-75D5-3678693B17DE} = {94535B26-D553-93D7-75D5-3678693B17DE}
		{B1572F25-8AA9-638C-C5DB-B3AD3445DDA2} = {B1572F25-8AA9-638C-C5DB-B3AD3445DDA2}
		{7EDC76C6-8BF2-56D7-147F-CC67E7EE21AD} = {7EDC76C6-8BF2-56D7-147F-CC67E7EE21AD}
	EndProjectSection
EndProject
Project("{8BC9CEB8-8B4A-11D0-8D11-00A0C91BC942}") = "Anox_MainProgram", "Anox_MainProgram\Anox_MainProgram.vcxproj", "{A1C49F74-8909-89AD-32D3-ECC8F52ED756}"
	ProjectSection(ProjectDependencies) = postProject
		{44E75A0A-5122-5966-C388-2AD599223909} = {44E75A0A-5122-5966-C388-2AD599223909}
		{63037B72-A2F0-777A-788F-2B0B44584F63} = {63037B72-A2F0-777A-788F-2B0B44584F63}
		{3C90FE85-0C06-31B2-A39A-E8768F2E3B35} = {3C90FE85-0C06-31B2-A39A-E8768F2E3B35}
	EndProjectSection
EndProject
Project("{8BC9CEB8-8B4A-11D0-8D11-00A0C91BC942}") = "Anox_Utilities", "Anox_Utilities\Anox_Utilities.vcxproj", "{44E75A0A-5122-5966-C388-2AD599223909}"
	ProjectSection(ProjectDependencies) = postProject
		{F9F0701E-9696-BA59-4544-4E196F8BB48F} = {F9F0701E-9696-BA59-4544-4E196F8BB48F}
	EndProjectSection
EndProject
Project("{8BC9CEB8-8B4A-11D0-8D11-00A0C91BC942}") = "Game_Win32", "Game_Win32\Game_Win32.vcxproj", "{158B60D4-EA3C-C848-15FE-5FCD7020D6BB}"
	ProjectSection(ProjectDependencies) = postProject
		{A1C49F74-8909-89AD-32D3-ECC8F52ED756} = {A1C49F74-8909-89AD-32D3-ECC8F52ED756}
	EndProjectSection
EndProject
Project("{8BC9CEB8-8B4A-11D0-8D11-00A0C91BC942}") = "RKit_Boot_Win", "RKit_Boot_Win\RKit_Boot_Win.vcxproj", "{F6E57076-5386-D82A-0BF4-83230254B25E}"
	ProjectSection(ProjectDependencies) = postProject
		{07B01978-3BE5-A0C7-20A0-93EBC8550345} = {07B01978-3BE5-A0C7-20A0-93EBC8550345}
		{E968832C-C71D-5063-DB0E-73C2A27925D5} = {E968832C-C71D-5063-DB0E-73C2A27925D5}
		{32B8A38C-B861-32C2-CD8E-22601DFE0B40} = {32B8A38C-B861-32C2-CD8E-22601DFE0B40}
	EndProjectSection
EndProject
Project("{8BC9CEB8-8B4A-11D0-8D11-00A0C91BC942}") = "RKit_Build", "RKit_Build\RKit_Build.vcxproj", "{94535B26-D553-93D7-75D5-3678693B17DE}"
EndProject
Project("{8BC9CEB8-8B4A-11D0-8D11-00A0C91BC942}") = "RKit_Build_Vulkan", "RKit_Build_Vulkan\RKit_Build_Vulkan.vcxproj", "{B1572F25-8AA9-638C-C5DB-B3AD3445DDA2}"
	ProjectSection(ProjectDependencies) = postProject
		{2371D6B1-9F6F-3F35-C2E6-97FF6AF28E39} = {2371D6B1-9F6F-3F35-C2E6-97FF6AF28E39}
	EndProjectSection
EndProject
Project("{8BC9CEB8-8B4A-11D0-8D11-00A0C91BC942}") = "RKit_CoreLib", "RKit_CoreLib\RKit_CoreLib.vcxproj", "{6A8A1B58-0E55-BC7C-C898-4F15CBF01DD1}"
EndProject
Project("{8BC9CEB8-8B4A-11D0-8D11-00A0C91BC942}") = "RKit_Data", "RKit_Data\RKit_Data.vcxproj", "{63037B72-A2F0-777A-788F-2B0B44584F63}"
EndProject
Project("{8BC9CEB8-8B4A-11D0-8D11-00A0C91BC942}") = "RKit_Mem", "RKit_Mem\RKit_Mem.vcxproj", "{07B01978-3BE5-A0C7-20A0-93EBC8550345}"
EndProject
Project("{8BC9CEB8-8B4A-11D0-8D11-00A0C91BC942}") = "RKit_PNG", "RKit_PNG\RKit_PNG.vcxproj", "{7EDC76C6-8BF2-56D7-147F-CC67E7EE21AD}"
EndProject
Project("{8BC9CEB8-8B4A-11D0-8D11-00A0C91BC942}") = "RKit_ProgramLauncher", "RKit_ProgramLauncher\RKit_ProgramLauncher.vcxproj", "{32B8A38C-B861-32C2-CD8E-22601DFE0B40}"
	ProjectSection(ProjectDependencies) = postProject
		{043F09A8-C328-D8F1-9941-AC85BE044FFB} = {043F09A8-C328-D8F1-9941-AC85BE044FFB}
	EndProjectSection
EndProject
Project("{8BC9CEB8-8B4A-11D0-8D11-00A0C91BC942}") = "RKit_Render_Vulkan", "RKit_Render_Vulkan\RKit_Render_Vulkan.vcxproj", "{3C90FE85-0C06-31B2-A39A-E8768F2E3B35}"
EndProject
Project("{8BC9CEB8-8B4A-11D0-8D11-00A0C91BC942}") = "RKit_ShaderC_DLL", "RKit_ShaderC_DLL\RKit_ShaderC_DLL.vcxproj", "{2371D6B1-9F6F-3F35-C2E6-97FF6AF28E39}"
EndProject
Project("{8BC9CEB8-8B4A-11D0-8D11-00A0C91BC942}") = "RKit_System_Win32", "RKit_System_Win32\RKit_System_Win32.vcxproj", "{E968832C-C71D-5063-DB0E-73C2A27925D5}"
EndProject
Project("{8BC9CEB8-8B4A-11D0-8D11-00A0C91BC942}") = "RKit_Utilities", "RKit_Utilities\RKit_Utilities.vcxproj", "{043F09A8-C328-D8F1-9941-AC85BE044FFB}"
EndProject
Project("{8BC9CEB8-8B4A-11D0-8D11-00A0C91BC942}") = "Tool_ExtractDAT", "Tool_ExtractDAT\Tool_ExtractDAT.vcxproj", "{03DE272D-A5D2-D145-979F-881008E9D117}"
EndProject
Project("{8BC9CEB8-8B4A-11D0-8D11-00A0C91BC942}") = "libpng", "libpng\libpng.vcxproj", "{95F2E560-BDF4-7DE0-A894-D6754F96B36B}"
EndProject
Project("{8BC9CEB8-8B4A-11D0-8D11-00A0C91BC942}") = "ryu", "ryu\ryu.vcxproj", "{B57B4A31-0C31-8D76-639A-EA350582132F}"
EndProject
Project("{8BC9CEB8-8B4A-11D0-8D11-00A0C91BC942}") = "zlib", "zlib\zlib.vcxproj", "{0EA55C28-F801-4D88-86B6-248FE3DA5D58}"
EndProject
Project("{2150E333-8FDC-42A3-9474-1A3956D46DE8}") = "Solution Items", "Solution Items", "{8EC462FD-D22E-90A8-E5CE-7E832BA40C5D}"
	ProjectSection(SolutionItems) = preProject
		rkit.natvis = rkit.natvis
	EndProjectSection
EndProject
Global
	GlobalSection(SolutionConfigurationPlatforms) = preSolution
		Debug|x86 = Debug|x86
		Debug|x64 = Debug|x64
		Release|x86 = Release|x86
		Release|x64 = Release|x64
	EndGlobalSection
	GlobalSection(ProjectConfigurationPlatforms) = postSolution
		{F9F0701E-9696-BA59-4544-4E196F8BB48F}.Debug|x86.ActiveCfg = Debug|Win32
		{F9F0701E-9696-BA59-4544-4E196F8BB48F}.Debug|x86.Build.0 = Debug|Win32
		{F9F0701E-9696-BA59-4544-4E196F8BB48F}.Debug|x64.ActiveCfg = Debug|x64
		{F9F0701E-9696-BA59-4544-4E196F8BB48F}.Debug|x64.Build.0 = Debug|x64
		{F9F0701E-9696-BA59-4544-4E196F8BB48F}.Release|x86.ActiveCfg = Release|Win32
		{F9F0701E-9696-BA59-4544-4E196F8BB48F}.Release|x86.Build.0 = Release|Win32
		{F9F0701E-9696-BA59-4544-4E196F8BB48F}.Release|x64.ActiveCfg = Release|x64
		{F9F0701E-9696-BA59-4544-4E196F8BB48F}.Release|x64.Build.0 = Release|x64
		{A1C49F74-8909-89AD-32D3-ECC8F52ED756}.Debug|x86.ActiveCfg = Debug|Win32
		{A1C49F74-8909-89AD-32D3-ECC8F52ED756}.Debug|x86.Build.0 = Debug|Win32
		{A1C49F74-8909-89AD-32D3-ECC8F52ED756}.Debug|x64.ActiveCfg = Debug|x64
		{A1C49F74-8909-89AD-32D3-ECC8F52ED756}.Debug|x64.Build.0 = Debug|x64
		{A1C49F74-8909-89AD-32D3-ECC8F52ED756}.Release|x86.ActiveCfg = Release|Win32
		{A1C49F74-8909-89AD-32D3-ECC8F52ED756}.Release|x86.Build.0 = Release|Win32
		{A1C49F74-8909-89AD-32D3-ECC8F52ED756}.Release|x64.ActiveCfg = Release|x64
		{A1C49F74-8909-89AD-32D3-ECC8F52ED756}.Release|x64.Build.0 = Release|x64
		{44E75A0A-5122-5966-C388-2AD599223909}.Debug|x86.ActiveCfg = Debug|Win32
		{44E75A0A-5122-5966-C388-2AD599223909}.Debug|x86.Build.0 = Debug|Win32
		{44E75A0A-5122-5966-C388-2AD599223909}.Debug|x64.ActiveCfg = Debug|x64
		{44E75A0A-5122-5966-C388-2AD599223909}.Debug|x64.Build.0 = Debug|x64
		{44E75A0A-5122-5966-C388-2AD599223909}.Release|x86.ActiveCfg = Release|Win32
		{44E75A0A-5122-5966-C388-2AD599223909}.Release|x86.Build.0 = Release|Win32
		{44E75A0A-5122-5966-C388-2AD599223909}.Release|x64.ActiveCfg = Release|x64
		{44E75A0A-5122-5966-C388-2AD599223909}.Release|x64.Build.0 = Release|x64
		{158B60D4-EA3C-C848-15FE-5FCD7020D6BB}.Debug|x86.ActiveCfg = Debug|Win32
		{158B60D4-EA3C-C848-15FE-5FCD7020D6BB}.Debug|x86.Build.0 = Debug|Win32
		{158B60D4-EA3C-C848-15FE-5FCD7020D6BB}.Debug|x64.ActiveCfg = Debug|x64
		{158B60D4-EA3C-C848-15FE-5FCD7020D6BB}.Debug|x64.Build.0 = Debug|x64
		{158B60D4-EA3C-C848-15FE-5FCD7020D6BB}.Release|x86.ActiveCfg = Release|Win32
		{158B60D4-EA3C-C848-15FE-5FCD7020D6BB}.Release|x86.Build.0 = Release|Win32
		{158B60D4-EA3C-C848-15FE-5FCD7020D6BB}.Release|x64.ActiveCfg = Release|x64
		{158B60D4-EA3C-C848-15FE-5FCD7020D6BB}.Release|x64.Build.0 = Release|x64
		{F6E57076-5386-D82A-0BF4-83230254B25E}.Debug|x86.ActiveCfg = Debug|Win32
		{F6E57076-5386-D82A-0BF4-83230254B25E}.Debug|x86.Build.0 = Debug|Win32
		{F6E57076-5386-D82A-0BF4-83230254B25E}.Debug|x64.ActiveCfg = Debug|x64
		{F6E57076-5386-D82A-0BF4-83230254B25E}.Debug|x64.Build.0 = Debug|x64
		{F6E57076-5386-D82A-0BF4-83230254B25E}.Release|x86.ActiveCfg = Release|Win32
		{F6E57076-5386-D82A-0BF4-83230254B25E}.Release|x86.Build.0 = Release|Win32
		{F6E57076-5386-D82A-0BF4-83230254B25E}.Release|x64.ActiveCfg = Release|x64
		{F6E57076-5386-D82A-0BF4-83230254B25E}.Release|x64.Build.0 = Release|x64
		{94535B26-D553-93D7-75D5-3678693B17DE}.Debug|x86.ActiveCfg = Debug|Win32
		{94535B26-D553-93D7-75D5-3678693B17DE}.Debug|x86.Build.0 = Debug|Win32
		{94535B26-D553-93D7-75D5-3678693B17DE}.Debug|x64.ActiveCfg = Debug|x64
		{94535B26-D553-93D7-75D5-3678693B17DE}.Debug|x64.Build.0 = Debug|x64
		{94535B26-D553-93D7-75D5-3678693B17DE}.Release|x86.ActiveCfg = Release|Win32
		{94535B26-D553-93D7-75D5-3678693B17DE}.Release|x86.Build.0 = Release|Win32
		{94535B26-D553-93D7-75D5-3678693B17DE}.Release|x64.ActiveCfg = Release|x64
		{94535B26-D553-93D7-75D5-3678693B17DE}.Release|x64.Build.0 = Release|x64
		{B1572F25-8AA9-638C-C5DB-B3AD3445DDA2}.Debug|x86.ActiveCfg = Debug|Win32
		{B1572F25-8AA9-638C-C5DB-B3AD3445DDA2}.Debug|x86.Build.0 = Debug|Win32
		{B1572F25-8AA9-638C-C5DB-B3AD3445DDA2}.Debug|x64.ActiveCfg = Debug|x64
		{B1572F25-8AA9-638C-C5DB-B3AD3445DDA2}.Debug|x64.Build.0 = Debug|x64
		{B1572F25-8AA9-638C-C5DB-B3AD3445DDA2}.Release|x86.ActiveCfg = Release|Win32
		{B1572F25-8AA9-638C-C5DB-B3AD3445DDA2}.Release|x86.Build.0 = Release|Win32
		{B1572F25-8AA9-638C-C5DB-B3AD3445DDA2}.Release|x64.ActiveCfg = Release|x64
		{B1572F25-8AA9-638C-C5DB-B3AD3445DDA2}.Release|x64.Build.0 = Release|x64
		{6A8A1B58-0E55-BC7C-C898-4F15CBF01DD1}.Debug|x86.ActiveCfg = Debug|Win32
		{6A8A1B58-0E55-BC7C-C898-4F15CBF01DD1}.Debug|x86.Build.0 = Debug|Win32
		{6A8A1B58-0E55-BC7C-C898-4F15CBF01DD1}.Debug|x64.ActiveCfg = Debug|x64
		{6A8A1B58-0E55-BC7C-C898-4F15CBF01DD1}.Debug|x64.Build.0 = Debug|x64
		{6A8A1B58-0E55-BC7C-C898-4F15CBF01DD1}.Release|x86.ActiveCfg = Release|Win32
		{6A8A1B58-0E55-BC7C-C898-4F15CBF01DD1}.Release|x86.Build.0 = Release|Win32
		{6A8A1B58-0E55-BC7C-C898-4F15CBF01DD1}.Release|x64.ActiveCfg = Release|x64
		{6A8A1B58-0E55-BC7C-C898-4F15CBF01DD1}.Release|x64.Build.0 = Release|x64
		{63037B72-A2F0-777A-788F-2B0B44584F63}.Debug|x86.ActiveCfg = Debug|Win32
		{63037B72-A2F0-777A-788F-2B0B44584F63}.Debug|x86.Build.0 = Debug|Win32
		{63037B72-A2F0-777A-788F-2B0B44584F63}.Debug|x64.ActiveCfg = Debug|x64
		{63037B72-A2F0-777A-788F-2B0B44584F63}.Debug|x64.Build.0 = Debug|x64
		{63037B72-A2F0-777A-788F-2B0B44584F63}.Release|x86.ActiveCfg = Release|Win32
		{63037B72-A2F0-777A-788F-2B0B44584F63}.Release|x86.Build.0 = Release|Win32
		{63037B72-A2F0-777A-788F-2B0B44584F63}.Release|x64.ActiveCfg = Release|x64
		{63037B72-A2F0-777A-788F-2B0B44584F63}.Release|x64.Build.0 = Release|x64
		{07B01978-3BE5-A0C7-20A0-93EBC8550345}.Debug|x86.ActiveCfg = Debug|Win32
		{07B01978-3BE5-A0C7-20A0-93EBC8550345}.Debug|x86.Build.0 = Debug|Win32
		{07B01978-3BE5-A0C7-20A0-93EBC8550345}.Debug|x64.ActiveCfg = Debug|x64
		{07B01978-3BE5-A0C7-20A0-93EBC8550345}.Debug|x64.Build.0 = Debug|x64
		{07B01978-3BE5-A0C7-20A0-93EBC8550345}.Release|x86.ActiveCfg = Release|Win32
		{07B01978-3BE5-A0C7-20A0-93EBC8550345}.Release|x86.Build.0 = Release|Win32
		{07B01978-3BE5-A0C7-20A0-93EBC8550345}.Release|x64.ActiveCfg = Release|x64
		{07B01978-3BE5-A0C7-20A0-93EBC8550345}.Release|x64.Build.0 = Release|x64
		{7EDC76C6-8BF2-56D7-147F-CC67E7EE21AD}.Debug|x86.ActiveCfg = Debug|Win32
		{7EDC76C6-8BF2-56D7-147F-CC67E7EE21AD}.Debug|x86.Build.0 = Debug|Win32
		{7EDC76C6-8BF2-56D7-147F-CC67E7EE21AD}.Debug|x64.ActiveCfg = Debug|x64
		{7EDC76C6-8BF2-56D7-147F-CC67E7EE21AD}.Debug|x64.Build.0 = Debug|x64
		{7EDC76C6-8BF2-56D7-147F-CC67E7EE21AD}.Release|x86.ActiveCfg = Release|Win32
		{7EDC76C6-8BF2-56D7-147F-CC67E7EE21AD}.Release|x86.Build.0 = Release|Win32
		{7EDC76C6-8BF2-56D7-147F-CC67E7EE21AD}.Release|x64.ActiveCfg = Release|x64
		{7EDC76C6-8BF2-56D7-147F-CC67E7EE21AD}.Release|x64.Build.0 = Release|x64
		{32B8A38C-B861-32C2-CD8E-22601DFE0B40}.Debug|x86.ActiveCfg = Debug|Win32
		{32B8A38C-B861-32C2-CD8E-22601DFE0B40}.Debug|x86.Build.0 = Debug|Win32
		{32B8A38C-B861-32C2-CD8E-22601DFE0B40}.Debug|x64.ActiveCfg = Debug|x64
		{32B8A38C-B861-32C2-CD8E-22601DFE0B40}.Debug|x64.Build.0 = Debug|x64
		{32B8A38C-B861-32C2-CD8E-22601DFE0B40}.Release|x86.ActiveCfg = Release|Win32
		{32B8A38C-B861-32C2-CD8E-22601DFE0B40}.Release|x86.Build.0 = Release|Win32
		{32B8A38C-B861-32C2-CD8E-22601DFE0B40}.Release|x64.ActiveCfg = Release|x64
		{32B8A38C-B861-32C2-CD8E-22601DFE0B40}.Release|x64.Build.0 = Release|x64
		{3C90FE85-0C06-31B2-A39A-E8768F2E3B35}.Debug|x86.ActiveCfg = Debug|Win32
		{3C90FE85-0C06-31B2-A39A-E8768F2E3B35}.Debug|x86.Build.0 = Debug|Win32
		{3C90FE85-0C06-31B2-A39A-E8768F2E3B35}.Debug|x64.ActiveCfg = Debug|x64
		{3C90FE85-0C06-31B2-A39A-E8768F2E3B35}.Debug|x64.Build.0 = Debug|x64
		{3C90FE85-0C06-31B2-A39A-E8768F2E3B35}.Release|x86.ActiveCfg = Release|Win32
		{3C90FE85-0C06-31B2-A39A-E8768F2E3B35}.Release|x86.Build.0 = Release|Win32
		{3C90FE85-0C06-31B2-A39A-E8768F2E3B35}.Release|x64.ActiveCfg = Release|x64
		{3C90FE85-0C06-31B2-A39A-E8768F2E3B35}.Release|x64.Build.0 = Release|x64
		{2371D6B1-9F6F-3F35-C2E6-97FF6AF28E39}.Debug|x86.ActiveCfg = Debug|Win32
		{2371D6B1-9F6F-3F35-C2E6-97FF6AF28E39}.Debug|x86.Build.0 = Debug|Win32
		{2371D6B1-9F6F-3F35-C2E6-97FF6AF28E39}.Debug|x64.ActiveCfg = Debug|x64
		{2371D6B1-9F6F-3F35-C2E6-97FF6AF28E39}.Debug|x64.Build.0 = Debug|x64
		{2371D6B1-9F6F-3F35-C2E6-97FF6AF28E39}.Release|x86.ActiveCfg = Release|Win32
		{2371D6B1-9F6F-3F35-C2E6-97FF6AF28E39}.Release|x86.Build.0 = Release|Win32
		{2371D6B1-9F6F-3F35-C2E6-97FF6AF28E39}.Release|x64.ActiveCfg = Release|x64
		{2371D6B1-9F6F-3F35-C2E6-97FF6AF28E39}.Release|x64.Build.0 = Release|x64
		{E968832C-C71D-5063-DB0E-73C2A27925D5}.Debug|x86.ActiveCfg = Debug|Win32
		{E968832C-C71D-5063-DB0E-73C2A27925D5}.Debug|x86.Build.0 = Debug|Win32
		{E968832C-C71D-5063-DB0E-73C2A27925D5}.Debug|x64.ActiveCfg = Debug|x64
		{E968832C-C71D-5063-DB0E-73C2A27925D5}.Debug|x64.Build.0 = Debug|x64
		{E968832C-C71D-5063-DB0E-73C2A27925D5}.Release|x86.ActiveCfg = Release|Win32
		{E968832C-C71D-5063-DB0E-73C2A27925D5}.Release|x86.Build.0 = Release|Win32
		{E968832C-C71D-5063-DB0E-73C2A27925D5}.Release|x64.ActiveCfg = Release|x64
		{E968832C-C71D-5063-DB0E-73C2A27925D5}.Release|x64.Build.0 = Release|x64
		{043F09A8-C328-D8F1-9941-AC85BE044FFB}.Debug|x86.ActiveCfg = Debug|Win32
		{043F09A8-C328-D8F1-9941-AC85BE044FFB}.Debug|x86.Build.0 = Debug|Win32
		{043F09A8-C328-D8F1-9941-AC85BE044FFB}.Debug|x64.ActiveCfg = Debug|x64
		{043F09A8-C328-D8F1-9941-AC85BE044FFB}.Debug|x64.Build.0 = Debug|x64
		{043F09A8-C328-D8F1-9941-AC85BE044FFB}.Release|x86.ActiveCfg = Release|Win32
		{043F09A8-C328-D8F1-9941-AC85BE044FFB}.Release|x86.Build.0 = Release|Win32
		{043F09A8-C328-D8F1-9941-AC85BE044FFB}.Release|x64.ActiveCfg = Release|x64
		{043F09A8-C328-D8F1-9941-AC85BE044FFB}.Release|x64.Build.0 = Release|x64
		{03DE272D-A5D2-D145-979F-881008E9D117}.Debug|x86.ActiveCfg = Debug|Win32
		{03DE272D-A5D2-D145-979F-881008E9D117}.Debug|x86.Build.0 = Debug|Win32
		{03DE272D-A5D2-D145-979F-881008E9D117}.Debug|x64.ActiveCfg = Debug|x64
		{03DE272D-A5D2-D145-979F-881008E9D117}.Debug|x64.Build.0 = Debug|x64
		{03DE272D-A5D2-D145-979F-881008E9D117}.Release|x86.ActiveCfg = Release|Win32
		{03DE272D-A5D2-D145-979F-881008E9D117}.Release|x86.Build.0 = Release|Win32
		{03DE272D-A5D2-D145-979F-881008E9D117}.Release|x64.ActiveCfg = Release|x64
		{03DE272D-A5D2-D145-979F-881008E9D117}.Release|x64.Build.0 = Release|x64
		{95F2E560-BDF4-7DE0-A894-D6754F96B36B}.Debug|x86.ActiveCfg = Debug|Win32
		{95F2E560-BDF4-7DE0-A894-D6754F96B36B}.Debug|x86.Build.0 = Debug|Win32
		{95F2E560-BDF4-7DE0-A894-D6754F96B36B}.Debug|x64.ActiveCfg = Debug|x64
		{95F2E560-BDF4-7DE0-A894-D6754F96B36B}.Debug|x64.Build.0 = Debug|x64
		{95F2E560-BDF4-7DE0-A894-D6754F96B36B}.Release|x86.ActiveCfg = Release|Win32
		{95F2E560-BDF4-7DE0-A894-D6754F96B36B}.Release|x86.Build.0 = Release|Win32
		{95F2E560-BDF4-7DE0-A894-D6754F96B36B}.Release|x64.ActiveCfg = Release|x64
		{95F2E560-BDF4-7DE0-A894-D6754F96B36B}.Release|x64.Build.0 = Release|x64
		{B57B4A31-0C31-8D76-639A-EA350582132F}.Debug|x86.ActiveCfg = Debug|Win32
		{B57B4A31-0C31-8D76-639A-EA350582132F}.Debug|x86.Build.0 = Debug|Win32
		{B57B4A31-0C31-8D76-639A-EA350582132F}.Debug|x64.ActiveCfg = Debug|x64
		{B57B4A31-0C31-8D76-639A-EA350582132F}.Debug|x64.Build.0 = Debug|x64
		{B57B4A31-0C31-8D76-639A-EA350582132F}.Release|x86.ActiveCfg = Release|Win32
		{B57B4A31-0C31-8D76-639A-EA350582132F}.Release|x86.Build.0 = Release|Win32
		{B57B4A31-0C31-8D76-639A-EA350582132F}.Release|x64.ActiveCfg = Release|x64
		{B57B4A31-0C31-8D76-639A-EA350582132F}.Release|x64.Build.0 = Release|x64
		{0EA55C28-F801-4D88-86B6-248FE3DA5D58}.Debug|x86.ActiveCfg = Debug|Win32
		{0EA55C28-F801-4D88-86B6-248FE3DA5D58}.Debug|x86.Build.0 = Debug|Win32
		{0EA55C28-F801-4D88-86B6-248FE3DA5D58}.Debug|x64.ActiveCfg = Debug|x64
		{0EA55C28-F801-4D88-86B6-248FE3DA5D58}.Debug|x64.Build.0 = Debug|x64
		{0EA55C28-F801-4D88-86B6-248FE3DA5D58}.Release|x86.ActiveCfg = Release|Win32
		{0EA55C28-F801-4D88-86B6-248FE3DA5D58}.Release|x86.Build.0 = Release|Win32
		{0EA55C28-F801-4D88-86B6-248FE3DA5D58}.Release|x64.ActiveCfg = Release|x64
		{0EA55C28-F801-4D88-86B6-248FE3DA5D58}.Release|x64.Build.0 = Release|x64
	EndGlobalSection
	GlobalSection(SolutionProperties) = preSolution
		HideSolutionNode = FALSE
	EndGlobalSection
	GlobalSection(ExtensibilityGlobals) = postSolution
		HideSolutionNode = {4F71B52B-2668-4907-E080-49955C76672B}
	EndGlobalSection
EndGlobal
