
Microsoft Visual Studio Solution File, Format Version 12.00
# Visual Studio Version 17
VisualStudioVersion = 17.9.34607.119
MinimumVisualStudioVersion = 10.0.40219.1
Project("{8BC9CEB8-8B4A-11D0-8D11-00A0C91BC942}") = "RKit_Boot_Win", "RKit_Boot_Win\RKit_Boot_Win.vcxproj", "{2B25E17B-1C94-42DC-832D-E8705B79E4F3}"
	ProjectSection(ProjectDependencies) = postProject
		{0F35560B-6AF3-4F7F-8F5F-E9224B4E966D} = {0F35560B-6AF3-4F7F-8F5F-E9224B4E966D}
		{1819D6AE-1D9C-45AF-881C-7350B6638B29} = {1819D6AE-1D9C-45AF-881C-7350B6638B29}
		{333998BD-A9A8-4FFD-BA5A-DAFF538C778B} = {333998BD-A9A8-4FFD-BA5A-DAFF538C778B}
		{52DD010B-7C0A-417A-A1BD-E685125A08A7} = {52DD010B-7C0A-417A-A1BD-E685125A08A7}
		{5970AF8B-FEF0-451A-8122-94EFB6AC1CBB} = {5970AF8B-FEF0-451A-8122-94EFB6AC1CBB}
		{78FC9983-7D03-4D47-96DE-365B01A87B3B} = {78FC9983-7D03-4D47-96DE-365B01A87B3B}
		{7DA52F69-EC26-4144-B5E6-EAD1B85CDF38} = {7DA52F69-EC26-4144-B5E6-EAD1B85CDF38}
		{86158E93-A5F7-4E4A-BEC3-5C3FF89604A0} = {86158E93-A5F7-4E4A-BEC3-5C3FF89604A0}
		{AA6B3BC2-EC0D-406C-A184-6E637F079AD9} = {AA6B3BC2-EC0D-406C-A184-6E637F079AD9}
		{B3B6D557-B30F-48C7-871C-E03BB5F7E830} = {B3B6D557-B30F-48C7-871C-E03BB5F7E830}
		{B59B8452-D0EF-4FCA-AF19-CE24DC8397AF} = {B59B8452-D0EF-4FCA-AF19-CE24DC8397AF}
		{E1BFDB7C-ABE5-43A0-8CD8-3C7E98E584E1} = {E1BFDB7C-ABE5-43A0-8CD8-3C7E98E584E1}
		{FCE142FF-6549-4C3B-AB82-618752D7F714} = {FCE142FF-6549-4C3B-AB82-618752D7F714}
	EndProjectSection
EndProject
Project("{8BC9CEB8-8B4A-11D0-8D11-00A0C91BC942}") = "RKit_System_Win32", "RKit_System_Win32\RKit_System_Win32.vcxproj", "{86158E93-A5F7-4E4A-BEC3-5C3FF89604A0}"
EndProject
Project("{8BC9CEB8-8B4A-11D0-8D11-00A0C91BC942}") = "RKit_ProgramLauncher", "RKit_ProgramLauncher\RKit_ProgramLauncher.vcxproj", "{B3B6D557-B30F-48C7-871C-E03BB5F7E830}"
	ProjectSection(ProjectDependencies) = postProject
		{FCE142FF-6549-4C3B-AB82-618752D7F714} = {FCE142FF-6549-4C3B-AB82-618752D7F714}
	EndProjectSection
EndProject
Project("{8BC9CEB8-8B4A-11D0-8D11-00A0C91BC942}") = "RKit_Utilities", "RKit_Utilities\RKit_Utilities.vcxproj", "{FCE142FF-6549-4C3B-AB82-618752D7F714}"
EndProject
Project("{8BC9CEB8-8B4A-11D0-8D11-00A0C91BC942}") = "Tool_ExtractDAT", "Tool_ExtractDAT\Tool_ExtractDAT.vcxproj", "{0F35560B-6AF3-4F7F-8F5F-E9224B4E966D}"
EndProject
Project("{8BC9CEB8-8B4A-11D0-8D11-00A0C91BC942}") = "Anox_Utilities", "Anox_Utilities\Anox_Utilities.vcxproj", "{E1BFDB7C-ABE5-43A0-8CD8-3C7E98E584E1}"
	ProjectSection(ProjectDependencies) = postProject
		{AA6B3BC2-EC0D-406C-A184-6E637F079AD9} = {AA6B3BC2-EC0D-406C-A184-6E637F079AD9}
		{FCE142FF-6549-4C3B-AB82-618752D7F714} = {FCE142FF-6549-4C3B-AB82-618752D7F714}
	EndProjectSection
EndProject
Project("{8BC9CEB8-8B4A-11D0-8D11-00A0C91BC942}") = "zlib", "zlib\zlib.vcxproj", "{1819D6AE-1D9C-45AF-881C-7350B6638B29}"
EndProject
Project("{8BC9CEB8-8B4A-11D0-8D11-00A0C91BC942}") = "RKit_Build", "RKit_Build\RKit_Build.vcxproj", "{AA6B3BC2-EC0D-406C-A184-6E637F079AD9}"
EndProject
Project("{8BC9CEB8-8B4A-11D0-8D11-00A0C91BC942}") = "Anox_MainProgram", "Anox_MainProgram\Anox_MainProgram.vcxproj", "{7DA52F69-EC26-4144-B5E6-EAD1B85CDF38}"
	ProjectSection(ProjectDependencies) = postProject
		{52DD010B-7C0A-417A-A1BD-E685125A08A7} = {52DD010B-7C0A-417A-A1BD-E685125A08A7}
		{E1BFDB7C-ABE5-43A0-8CD8-3C7E98E584E1} = {E1BFDB7C-ABE5-43A0-8CD8-3C7E98E584E1}
		{FCE142FF-6549-4C3B-AB82-618752D7F714} = {FCE142FF-6549-4C3B-AB82-618752D7F714}
	EndProjectSection
EndProject
Project("{8BC9CEB8-8B4A-11D0-8D11-00A0C91BC942}") = "RKit_Build_Vulkan", "RKit_Build_Vulkan\RKit_Build_Vulkan.vcxproj", "{78FC9983-7D03-4D47-96DE-365B01A87B3B}"
	ProjectSection(ProjectDependencies) = postProject
		{92DD0E11-FDB9-4430-A822-263D675EC9B2} = {92DD0E11-FDB9-4430-A822-263D675EC9B2}
	EndProjectSection
EndProject
Project("{8BC9CEB8-8B4A-11D0-8D11-00A0C91BC942}") = "RKit_Data", "RKit_Data\RKit_Data.vcxproj", "{5970AF8B-FEF0-451A-8122-94EFB6AC1CBB}"
EndProject
Project("{8BC9CEB8-8B4A-11D0-8D11-00A0C91BC942}") = "RKit_Render_Vulkan", "RKit_Render_Vulkan\RKit_Render_Vulkan.vcxproj", "{B59B8452-D0EF-4FCA-AF19-CE24DC8397AF}"
EndProject
Project("{8BC9CEB8-8B4A-11D0-8D11-00A0C91BC942}") = "Anox_Build", "Anox_Build\Anox_Build.vcxproj", "{52DD010B-7C0A-417A-A1BD-E685125A08A7}"
EndProject
Project("{2150E333-8FDC-42A3-9474-1A3956D46DE8}") = "Solution Items", "Solution Items", "{8EC462FD-D22E-90A8-E5CE-7E832BA40C5D}"
	ProjectSection(SolutionItems) = preProject
		rkit.natvis = rkit.natvis
	EndProjectSection
EndProject
Project("{8BC9CEB8-8B4A-11D0-8D11-00A0C91BC942}") = "ryu", "ryu\ryu.vcxproj", "{25D16CB3-56AD-4B67-81E8-4644295CB263}"
EndProject
Project("{8BC9CEB8-8B4A-11D0-8D11-00A0C91BC942}") = "RKit_PNG", "RKit_PNG\RKit_PNG.vcxproj", "{333998BD-A9A8-4FFD-BA5A-DAFF538C778B}"
EndProject
Project("{8BC9CEB8-8B4A-11D0-8D11-00A0C91BC942}") = "libpng", "libpng\libpng.vcxproj", "{D6CF5214-3D01-4A4C-ADFF-DD4F81EC71C3}"
EndProject
Project("{8BC9CEB8-8B4A-11D0-8D11-00A0C91BC942}") = "RKit_ShaderC_DLL", "RKit_ShaderC_DLL\RKit_ShaderC_DLL.vcxproj", "{92DD0E11-FDB9-4430-A822-263D675EC9B2}"
EndProject
Project("{8BC9CEB8-8B4A-11D0-8D11-00A0C91BC942}") = "RKit_Mem", "RKit_Mem\RKit_Mem.vcxproj", "{8B86A166-51B8-4517-971E-0D58FB40A6CB}"
EndProject
Global
	GlobalSection(SolutionConfigurationPlatforms) = preSolution
		Debug|x64 = Debug|x64
		Debug|x86 = Debug|x86
		Release|x64 = Release|x64
		Release|x86 = Release|x86
	EndGlobalSection
	GlobalSection(ProjectConfigurationPlatforms) = postSolution
		{2B25E17B-1C94-42DC-832D-E8705B79E4F3}.Debug|x64.ActiveCfg = Debug|x64
		{2B25E17B-1C94-42DC-832D-E8705B79E4F3}.Debug|x64.Build.0 = Debug|x64
		{2B25E17B-1C94-42DC-832D-E8705B79E4F3}.Debug|x86.ActiveCfg = Debug|x64
		{2B25E17B-1C94-42DC-832D-E8705B79E4F3}.Debug|x86.Build.0 = Debug|x64
		{2B25E17B-1C94-42DC-832D-E8705B79E4F3}.Release|x64.ActiveCfg = Release|x64
		{2B25E17B-1C94-42DC-832D-E8705B79E4F3}.Release|x64.Build.0 = Release|x64
		{2B25E17B-1C94-42DC-832D-E8705B79E4F3}.Release|x86.ActiveCfg = Release|x64
		{2B25E17B-1C94-42DC-832D-E8705B79E4F3}.Release|x86.Build.0 = Release|x64
		{86158E93-A5F7-4E4A-BEC3-5C3FF89604A0}.Debug|x64.ActiveCfg = Debug|x64
		{86158E93-A5F7-4E4A-BEC3-5C3FF89604A0}.Debug|x64.Build.0 = Debug|x64
		{86158E93-A5F7-4E4A-BEC3-5C3FF89604A0}.Debug|x86.ActiveCfg = Debug|x64
		{86158E93-A5F7-4E4A-BEC3-5C3FF89604A0}.Debug|x86.Build.0 = Debug|x64
		{86158E93-A5F7-4E4A-BEC3-5C3FF89604A0}.Release|x64.ActiveCfg = Release|x64
		{86158E93-A5F7-4E4A-BEC3-5C3FF89604A0}.Release|x64.Build.0 = Release|x64
		{86158E93-A5F7-4E4A-BEC3-5C3FF89604A0}.Release|x86.ActiveCfg = Release|x64
		{86158E93-A5F7-4E4A-BEC3-5C3FF89604A0}.Release|x86.Build.0 = Release|x64
		{B3B6D557-B30F-48C7-871C-E03BB5F7E830}.Debug|x64.ActiveCfg = Debug|x64
		{B3B6D557-B30F-48C7-871C-E03BB5F7E830}.Debug|x64.Build.0 = Debug|x64
		{B3B6D557-B30F-48C7-871C-E03BB5F7E830}.Debug|x86.ActiveCfg = Debug|x64
		{B3B6D557-B30F-48C7-871C-E03BB5F7E830}.Debug|x86.Build.0 = Debug|x64
		{B3B6D557-B30F-48C7-871C-E03BB5F7E830}.Release|x64.ActiveCfg = Release|x64
		{B3B6D557-B30F-48C7-871C-E03BB5F7E830}.Release|x64.Build.0 = Release|x64
		{B3B6D557-B30F-48C7-871C-E03BB5F7E830}.Release|x86.ActiveCfg = Release|x64
		{B3B6D557-B30F-48C7-871C-E03BB5F7E830}.Release|x86.Build.0 = Release|x64
		{FCE142FF-6549-4C3B-AB82-618752D7F714}.Debug|x64.ActiveCfg = Debug|x64
		{FCE142FF-6549-4C3B-AB82-618752D7F714}.Debug|x64.Build.0 = Debug|x64
		{FCE142FF-6549-4C3B-AB82-618752D7F714}.Debug|x86.ActiveCfg = Debug|x64
		{FCE142FF-6549-4C3B-AB82-618752D7F714}.Debug|x86.Build.0 = Debug|x64
		{FCE142FF-6549-4C3B-AB82-618752D7F714}.Release|x64.ActiveCfg = Release|x64
		{FCE142FF-6549-4C3B-AB82-618752D7F714}.Release|x64.Build.0 = Release|x64
		{FCE142FF-6549-4C3B-AB82-618752D7F714}.Release|x86.ActiveCfg = Release|x64
		{FCE142FF-6549-4C3B-AB82-618752D7F714}.Release|x86.Build.0 = Release|x64
		{0F35560B-6AF3-4F7F-8F5F-E9224B4E966D}.Debug|x64.ActiveCfg = Debug|x64
		{0F35560B-6AF3-4F7F-8F5F-E9224B4E966D}.Debug|x64.Build.0 = Debug|x64
		{0F35560B-6AF3-4F7F-8F5F-E9224B4E966D}.Debug|x86.ActiveCfg = Debug|Win32
		{0F35560B-6AF3-4F7F-8F5F-E9224B4E966D}.Debug|x86.Build.0 = Debug|Win32
		{0F35560B-6AF3-4F7F-8F5F-E9224B4E966D}.Release|x64.ActiveCfg = Release|x64
		{0F35560B-6AF3-4F7F-8F5F-E9224B4E966D}.Release|x64.Build.0 = Release|x64
		{0F35560B-6AF3-4F7F-8F5F-E9224B4E966D}.Release|x86.ActiveCfg = Release|Win32
		{0F35560B-6AF3-4F7F-8F5F-E9224B4E966D}.Release|x86.Build.0 = Release|Win32
		{E1BFDB7C-ABE5-43A0-8CD8-3C7E98E584E1}.Debug|x64.ActiveCfg = Debug|x64
		{E1BFDB7C-ABE5-43A0-8CD8-3C7E98E584E1}.Debug|x64.Build.0 = Debug|x64
		{E1BFDB7C-ABE5-43A0-8CD8-3C7E98E584E1}.Debug|x86.ActiveCfg = Debug|Win32
		{E1BFDB7C-ABE5-43A0-8CD8-3C7E98E584E1}.Debug|x86.Build.0 = Debug|Win32
		{E1BFDB7C-ABE5-43A0-8CD8-3C7E98E584E1}.Release|x64.ActiveCfg = Release|x64
		{E1BFDB7C-ABE5-43A0-8CD8-3C7E98E584E1}.Release|x64.Build.0 = Release|x64
		{E1BFDB7C-ABE5-43A0-8CD8-3C7E98E584E1}.Release|x86.ActiveCfg = Release|Win32
		{E1BFDB7C-ABE5-43A0-8CD8-3C7E98E584E1}.Release|x86.Build.0 = Release|Win32
		{1819D6AE-1D9C-45AF-881C-7350B6638B29}.Debug|x64.ActiveCfg = Debug|x64
		{1819D6AE-1D9C-45AF-881C-7350B6638B29}.Debug|x64.Build.0 = Debug|x64
		{1819D6AE-1D9C-45AF-881C-7350B6638B29}.Debug|x86.ActiveCfg = Debug|Win32
		{1819D6AE-1D9C-45AF-881C-7350B6638B29}.Debug|x86.Build.0 = Debug|Win32
		{1819D6AE-1D9C-45AF-881C-7350B6638B29}.Release|x64.ActiveCfg = Release|x64
		{1819D6AE-1D9C-45AF-881C-7350B6638B29}.Release|x64.Build.0 = Release|x64
		{1819D6AE-1D9C-45AF-881C-7350B6638B29}.Release|x86.ActiveCfg = Release|Win32
		{1819D6AE-1D9C-45AF-881C-7350B6638B29}.Release|x86.Build.0 = Release|Win32
		{AA6B3BC2-EC0D-406C-A184-6E637F079AD9}.Debug|x64.ActiveCfg = Debug|x64
		{AA6B3BC2-EC0D-406C-A184-6E637F079AD9}.Debug|x64.Build.0 = Debug|x64
		{AA6B3BC2-EC0D-406C-A184-6E637F079AD9}.Debug|x86.ActiveCfg = Debug|Win32
		{AA6B3BC2-EC0D-406C-A184-6E637F079AD9}.Debug|x86.Build.0 = Debug|Win32
		{AA6B3BC2-EC0D-406C-A184-6E637F079AD9}.Release|x64.ActiveCfg = Release|x64
		{AA6B3BC2-EC0D-406C-A184-6E637F079AD9}.Release|x64.Build.0 = Release|x64
		{AA6B3BC2-EC0D-406C-A184-6E637F079AD9}.Release|x86.ActiveCfg = Release|Win32
		{AA6B3BC2-EC0D-406C-A184-6E637F079AD9}.Release|x86.Build.0 = Release|Win32
		{7DA52F69-EC26-4144-B5E6-EAD1B85CDF38}.Debug|x64.ActiveCfg = Debug|x64
		{7DA52F69-EC26-4144-B5E6-EAD1B85CDF38}.Debug|x64.Build.0 = Debug|x64
		{7DA52F69-EC26-4144-B5E6-EAD1B85CDF38}.Debug|x86.ActiveCfg = Debug|Win32
		{7DA52F69-EC26-4144-B5E6-EAD1B85CDF38}.Debug|x86.Build.0 = Debug|Win32
		{7DA52F69-EC26-4144-B5E6-EAD1B85CDF38}.Release|x64.ActiveCfg = Release|x64
		{7DA52F69-EC26-4144-B5E6-EAD1B85CDF38}.Release|x64.Build.0 = Release|x64
		{7DA52F69-EC26-4144-B5E6-EAD1B85CDF38}.Release|x86.ActiveCfg = Release|Win32
		{7DA52F69-EC26-4144-B5E6-EAD1B85CDF38}.Release|x86.Build.0 = Release|Win32
		{78FC9983-7D03-4D47-96DE-365B01A87B3B}.Debug|x64.ActiveCfg = Debug|x64
		{78FC9983-7D03-4D47-96DE-365B01A87B3B}.Debug|x64.Build.0 = Debug|x64
		{78FC9983-7D03-4D47-96DE-365B01A87B3B}.Debug|x86.ActiveCfg = Debug|Win32
		{78FC9983-7D03-4D47-96DE-365B01A87B3B}.Debug|x86.Build.0 = Debug|Win32
		{78FC9983-7D03-4D47-96DE-365B01A87B3B}.Release|x64.ActiveCfg = Release|x64
		{78FC9983-7D03-4D47-96DE-365B01A87B3B}.Release|x64.Build.0 = Release|x64
		{78FC9983-7D03-4D47-96DE-365B01A87B3B}.Release|x86.ActiveCfg = Release|Win32
		{78FC9983-7D03-4D47-96DE-365B01A87B3B}.Release|x86.Build.0 = Release|Win32
		{5970AF8B-FEF0-451A-8122-94EFB6AC1CBB}.Debug|x64.ActiveCfg = Debug|x64
		{5970AF8B-FEF0-451A-8122-94EFB6AC1CBB}.Debug|x64.Build.0 = Debug|x64
		{5970AF8B-FEF0-451A-8122-94EFB6AC1CBB}.Debug|x86.ActiveCfg = Debug|Win32
		{5970AF8B-FEF0-451A-8122-94EFB6AC1CBB}.Debug|x86.Build.0 = Debug|Win32
		{5970AF8B-FEF0-451A-8122-94EFB6AC1CBB}.Release|x64.ActiveCfg = Release|x64
		{5970AF8B-FEF0-451A-8122-94EFB6AC1CBB}.Release|x64.Build.0 = Release|x64
		{5970AF8B-FEF0-451A-8122-94EFB6AC1CBB}.Release|x86.ActiveCfg = Release|Win32
		{5970AF8B-FEF0-451A-8122-94EFB6AC1CBB}.Release|x86.Build.0 = Release|Win32
		{B59B8452-D0EF-4FCA-AF19-CE24DC8397AF}.Debug|x64.ActiveCfg = Debug|x64
		{B59B8452-D0EF-4FCA-AF19-CE24DC8397AF}.Debug|x64.Build.0 = Debug|x64
		{B59B8452-D0EF-4FCA-AF19-CE24DC8397AF}.Debug|x86.ActiveCfg = Debug|Win32
		{B59B8452-D0EF-4FCA-AF19-CE24DC8397AF}.Debug|x86.Build.0 = Debug|Win32
		{B59B8452-D0EF-4FCA-AF19-CE24DC8397AF}.Release|x64.ActiveCfg = Release|x64
		{B59B8452-D0EF-4FCA-AF19-CE24DC8397AF}.Release|x64.Build.0 = Release|x64
		{B59B8452-D0EF-4FCA-AF19-CE24DC8397AF}.Release|x86.ActiveCfg = Release|Win32
		{B59B8452-D0EF-4FCA-AF19-CE24DC8397AF}.Release|x86.Build.0 = Release|Win32
		{52DD010B-7C0A-417A-A1BD-E685125A08A7}.Debug|x64.ActiveCfg = Debug|x64
		{52DD010B-7C0A-417A-A1BD-E685125A08A7}.Debug|x64.Build.0 = Debug|x64
		{52DD010B-7C0A-417A-A1BD-E685125A08A7}.Debug|x86.ActiveCfg = Debug|Win32
		{52DD010B-7C0A-417A-A1BD-E685125A08A7}.Debug|x86.Build.0 = Debug|Win32
		{52DD010B-7C0A-417A-A1BD-E685125A08A7}.Release|x64.ActiveCfg = Release|x64
		{52DD010B-7C0A-417A-A1BD-E685125A08A7}.Release|x64.Build.0 = Release|x64
		{52DD010B-7C0A-417A-A1BD-E685125A08A7}.Release|x86.ActiveCfg = Release|Win32
		{52DD010B-7C0A-417A-A1BD-E685125A08A7}.Release|x86.Build.0 = Release|Win32
		{25D16CB3-56AD-4B67-81E8-4644295CB263}.Debug|x64.ActiveCfg = Debug|x64
		{25D16CB3-56AD-4B67-81E8-4644295CB263}.Debug|x64.Build.0 = Debug|x64
		{25D16CB3-56AD-4B67-81E8-4644295CB263}.Debug|x86.ActiveCfg = Debug|Win32
		{25D16CB3-56AD-4B67-81E8-4644295CB263}.Debug|x86.Build.0 = Debug|Win32
		{25D16CB3-56AD-4B67-81E8-4644295CB263}.Release|x64.ActiveCfg = Release|x64
		{25D16CB3-56AD-4B67-81E8-4644295CB263}.Release|x64.Build.0 = Release|x64
		{25D16CB3-56AD-4B67-81E8-4644295CB263}.Release|x86.ActiveCfg = Release|Win32
		{25D16CB3-56AD-4B67-81E8-4644295CB263}.Release|x86.Build.0 = Release|Win32
		{333998BD-A9A8-4FFD-BA5A-DAFF538C778B}.Debug|x64.ActiveCfg = Debug|x64
		{333998BD-A9A8-4FFD-BA5A-DAFF538C778B}.Debug|x64.Build.0 = Debug|x64
		{333998BD-A9A8-4FFD-BA5A-DAFF538C778B}.Debug|x86.ActiveCfg = Debug|Win32
		{333998BD-A9A8-4FFD-BA5A-DAFF538C778B}.Debug|x86.Build.0 = Debug|Win32
		{333998BD-A9A8-4FFD-BA5A-DAFF538C778B}.Release|x64.ActiveCfg = Release|x64
		{333998BD-A9A8-4FFD-BA5A-DAFF538C778B}.Release|x64.Build.0 = Release|x64
		{333998BD-A9A8-4FFD-BA5A-DAFF538C778B}.Release|x86.ActiveCfg = Release|Win32
		{333998BD-A9A8-4FFD-BA5A-DAFF538C778B}.Release|x86.Build.0 = Release|Win32
		{D6CF5214-3D01-4A4C-ADFF-DD4F81EC71C3}.Debug|x64.ActiveCfg = Debug|x64
		{D6CF5214-3D01-4A4C-ADFF-DD4F81EC71C3}.Debug|x64.Build.0 = Debug|x64
		{D6CF5214-3D01-4A4C-ADFF-DD4F81EC71C3}.Debug|x86.ActiveCfg = Debug|Win32
		{D6CF5214-3D01-4A4C-ADFF-DD4F81EC71C3}.Debug|x86.Build.0 = Debug|Win32
		{D6CF5214-3D01-4A4C-ADFF-DD4F81EC71C3}.Release|x64.ActiveCfg = Release|x64
		{D6CF5214-3D01-4A4C-ADFF-DD4F81EC71C3}.Release|x64.Build.0 = Release|x64
		{D6CF5214-3D01-4A4C-ADFF-DD4F81EC71C3}.Release|x86.ActiveCfg = Release|Win32
		{D6CF5214-3D01-4A4C-ADFF-DD4F81EC71C3}.Release|x86.Build.0 = Release|Win32
		{92DD0E11-FDB9-4430-A822-263D675EC9B2}.Debug|x64.ActiveCfg = Debug|x64
		{92DD0E11-FDB9-4430-A822-263D675EC9B2}.Debug|x64.Build.0 = Debug|x64
		{92DD0E11-FDB9-4430-A822-263D675EC9B2}.Debug|x86.ActiveCfg = Debug|Win32
		{92DD0E11-FDB9-4430-A822-263D675EC9B2}.Debug|x86.Build.0 = Debug|Win32
		{92DD0E11-FDB9-4430-A822-263D675EC9B2}.Release|x64.ActiveCfg = Release|x64
		{92DD0E11-FDB9-4430-A822-263D675EC9B2}.Release|x64.Build.0 = Release|x64
		{92DD0E11-FDB9-4430-A822-263D675EC9B2}.Release|x86.ActiveCfg = Release|Win32
		{92DD0E11-FDB9-4430-A822-263D675EC9B2}.Release|x86.Build.0 = Release|Win32
		{8B86A166-51B8-4517-971E-0D58FB40A6CB}.Debug|x64.ActiveCfg = Debug|x64
		{8B86A166-51B8-4517-971E-0D58FB40A6CB}.Debug|x64.Build.0 = Debug|x64
		{8B86A166-51B8-4517-971E-0D58FB40A6CB}.Debug|x86.ActiveCfg = Debug|Win32
		{8B86A166-51B8-4517-971E-0D58FB40A6CB}.Debug|x86.Build.0 = Debug|Win32
		{8B86A166-51B8-4517-971E-0D58FB40A6CB}.Release|x64.ActiveCfg = Release|x64
		{8B86A166-51B8-4517-971E-0D58FB40A6CB}.Release|x64.Build.0 = Release|x64
		{8B86A166-51B8-4517-971E-0D58FB40A6CB}.Release|x86.ActiveCfg = Release|Win32
		{8B86A166-51B8-4517-971E-0D58FB40A6CB}.Release|x86.Build.0 = Release|Win32
	EndGlobalSection
	GlobalSection(SolutionProperties) = preSolution
		HideSolutionNode = FALSE
	EndGlobalSection
	GlobalSection(ExtensibilityGlobals) = postSolution
		SolutionGuid = {402BB91C-3517-479F-AA92-65FDA4BF17B9}
	EndGlobalSection
EndGlobal
