<?xml version="1.0" encoding="utf-8"?>
<Project ToolsVersion="4.0" xmlns="http://schemas.microsoft.com/developer/msbuild/2003">
  <ItemGroup>
    <Filter Include="Source Files">
      <UniqueIdentifier>{4FC737F1-C7A5-4376-A066-2A32D752A2FF}</UniqueIdentifier>
      <Extensions>cpp;c;cc;cxx;c++;cppm;ixx;def;odl;idl;hpj;bat;asm;asmx</Extensions>
    </Filter>
    <Filter Include="Header Files">
      <UniqueIdentifier>{93995380-89BD-4b04-88EB-625FBE52EBFB}</UniqueIdentifier>
      <Extensions>h;hh;hpp;hxx;h++;hm;inl;inc;ipp;xsd</Extensions>
    </Filter>
    <Filter Include="Resource Files">
      <UniqueIdentifier>{67DA6AB6-F800-4c08-8B7A-83BB121AAD01}</UniqueIdentifier>
      <Extensions>rc;ico;cur;bmp;dlg;rc2;rct;bin;rgs;gif;jpg;jpeg;jpe;resx;tiff;tif;png;wav;mfcribbon-ms</Extensions>
    </Filter>
    <Filter Include="Header Files\rkit">
      <UniqueIdentifier>{f63651db-801a-4bcd-8211-33f226fb5763}</UniqueIdentifier>
    </Filter>
  </ItemGroup>
  <ItemGroup>
    <ClCompile Include="Utilities.cpp">
      <Filter>Source Files</Filter>
    </ClCompile>
    <ClCompile Include="Json.cpp">
      <Filter>Source Files</Filter>
    </ClCompile>
    <ClCompile Include="MutexProtectedStream.cpp">
      <Filter>Source Files</Filter>
    </ClCompile>
    <ClCompile Include="DeflateDecompressStream.cpp">
      <Filter>Source Files</Filter>
    </ClCompile>
    <ClCompile Include="RangeLimitedReadStream.cpp">
      <Filter>Source Files</Filter>
    </ClCompile>
    <ClCompile Include="TextParser.cpp">
      <Filter>Source Files</Filter>
    </ClCompile>
    <ClCompile Include="Sha2Calculator.cpp">
      <Filter>Source Files</Filter>
    </ClCompile>
    <ClCompile Include="JobQueue.cpp">
      <Filter>Source Files</Filter>
    </ClCompile>
    <ClCompile Include="ThreadPool.cpp">
      <Filter>Source Files</Filter>
    </ClCompile>
    <ClCompile Include="ShadowFile.cpp">
      <Filter>Source Files</Filter>
    </ClCompile>
    <ClCompile Include="CoroThread.cpp">
      <Filter>Source Files</Filter>
    </ClCompile>
    <ClCompile Include="Image.cpp">
      <Filter>Source Files</Filter>
    </ClCompile>
  </ItemGroup>
  <ItemGroup>
    <ClInclude Include="TextParser.h">
      <Filter>Header Files</Filter>
    </ClInclude>
    <ClInclude Include="..\include\rkit\Core\Algorithm.h">
      <Filter>Header Files\rkit</Filter>
    </ClInclude>
    <ClInclude Include="..\include\rkit\Core\Atomic.h">
      <Filter>Header Files\rkit</Filter>
    </ClInclude>
    <ClInclude Include="..\include\rkit\Core\CoreDefs.h">
      <Filter>Header Files\rkit</Filter>
    </ClInclude>
    <ClInclude Include="DeflateDecompressStream.h">
      <Filter>Header Files\rkit</Filter>
    </ClInclude>
    <ClInclude Include="..\include\rkit\Core\DriverModuleStub.h">
      <Filter>Header Files\rkit</Filter>
    </ClInclude>
    <ClInclude Include="..\include\rkit\Core\Drivers.h">
      <Filter>Header Files\rkit</Filter>
    </ClInclude>
    <ClInclude Include="..\include\rkit\Core\Endian.h">
      <Filter>Header Files\rkit</Filter>
    </ClInclude>
    <ClInclude Include="..\include\rkit\Core\Hasher.h">
      <Filter>Header Files\rkit</Filter>
    </ClInclude>
    <ClInclude Include="..\include\rkit\Core\HashTable.h">
      <Filter>Header Files\rkit</Filter>
    </ClInclude>
    <ClInclude Include="..\include\rkit\Core\HashValue.h">
      <Filter>Header Files\rkit</Filter>
    </ClInclude>
    <ClInclude Include="Json.h">
      <Filter>Header Files\rkit</Filter>
    </ClInclude>
    <ClInclude Include="..\include\rkit\Core\LogDriver.h">
      <Filter>Header Files\rkit</Filter>
    </ClInclude>
    <ClInclude Include="..\include\rkit\Core\MallocDriver.h">
      <Filter>Header Files\rkit</Filter>
    </ClInclude>
    <ClInclude Include="..\include\rkit\Core\MemoryStream.h">
      <Filter>Header Files\rkit</Filter>
    </ClInclude>
    <ClInclude Include="..\include\rkit\Core\Module.h">
      <Filter>Header Files\rkit</Filter>
    </ClInclude>
    <ClInclude Include="..\include\rkit\Core\ModuleDriver.h">
      <Filter>Header Files\rkit</Filter>
    </ClInclude>
    <ClInclude Include="..\include\rkit\Core\ModuleGlue.h">
      <Filter>Header Files\rkit</Filter>
    </ClInclude>
    <ClInclude Include="MutexProtectedStream.h">
      <Filter>Header Files\rkit</Filter>
    </ClInclude>
    <ClInclude Include="..\include\rkit\Core\NewDelete.h">
      <Filter>Header Files\rkit</Filter>
    </ClInclude>
    <ClInclude Include="..\include\rkit\Core\NoCopy.h">
      <Filter>Header Files\rkit</Filter>
    </ClInclude>
    <ClInclude Include="..\include\rkit\Core\ProgramDriver.h">
      <Filter>Header Files\rkit</Filter>
    </ClInclude>
    <ClInclude Include="..\include\rkit\Core\ProgramStub.h">
      <Filter>Header Files\rkit</Filter>
    </ClInclude>
    <ClInclude Include="RangeLimitedReadStream.h">
      <Filter>Header Files\rkit</Filter>
    </ClInclude>
    <ClInclude Include="..\include\rkit\Core\ResizableRingBuffer.h">
      <Filter>Header Files\rkit</Filter>
    </ClInclude>
    <ClInclude Include="..\include\rkit\Core\Result.h">
      <Filter>Header Files\rkit</Filter>
    </ClInclude>
    <ClInclude Include="..\include\rkit\Core\RKitAssert.h">
      <Filter>Header Files\rkit</Filter>
    </ClInclude>
    <ClInclude Include="..\include\rkit\Core\SharedPtr.h">
      <Filter>Header Files\rkit</Filter>
    </ClInclude>
    <ClInclude Include="..\include\rkit\Core\ShellDriver.h">
      <Filter>Header Files\rkit</Filter>
    </ClInclude>
    <ClInclude Include="..\include\rkit\Core\SimpleObjectAllocation.h">
      <Filter>Header Files\rkit</Filter>
    </ClInclude>
    <ClInclude Include="..\include\rkit\Core\Span.h">
      <Filter>Header Files\rkit</Filter>
    </ClInclude>
    <ClInclude Include="..\include\rkit\Core\Stream.h">
      <Filter>Header Files\rkit</Filter>
    </ClInclude>
    <ClInclude Include="..\include\rkit\Core\StreamProtos.h">
      <Filter>Header Files\rkit</Filter>
    </ClInclude>
    <ClInclude Include="..\include\rkit\Core\String.h">
      <Filter>Header Files\rkit</Filter>
    </ClInclude>
    <ClInclude Include="..\include\rkit\Core\StringProto.h">
      <Filter>Header Files\rkit</Filter>
    </ClInclude>
    <ClInclude Include="..\include\rkit\Core\SystemDriver.h">
      <Filter>Header Files\rkit</Filter>
    </ClInclude>
    <ClInclude Include="..\include\rkit\Core\Timestamp.h">
      <Filter>Header Files\rkit</Filter>
    </ClInclude>
    <ClInclude Include="..\include\rkit\Core\Unicode.h">
      <Filter>Header Files\rkit</Filter>
    </ClInclude>
    <ClInclude Include="..\include\rkit\Core\UniquePtr.h">
      <Filter>Header Files\rkit</Filter>
    </ClInclude>
    <ClInclude Include="..\include\rkit\Core\UtilitiesDriver.h">
      <Filter>Header Files\rkit</Filter>
    </ClInclude>
    <ClInclude Include="..\include\rkit\Core\Vector.h">
      <Filter>Header Files\rkit</Filter>
    </ClInclude>
    <ClInclude Include="Sha2Calculator.h">
      <Filter>Header Files</Filter>
    </ClInclude>
    <ClInclude Include="JobQueue.h">
      <Filter>Header Files</Filter>
    </ClInclude>
    <ClInclude Include="ThreadPool.h">
      <Filter>Header Files</Filter>
    </ClInclude>
    <ClInclude Include="..\include\rkit\Utilities\IShadowFile.h">
      <Filter>Header Files\rkit</Filter>
    </ClInclude>
    <ClInclude Include="ShadowFile.h">
      <Filter>Header Files</Filter>
    </ClInclude>
    <ClInclude Include="CoroThread.h">
      <Filter>Header Files</Filter>
    </ClInclude>
    <ClInclude Include="Image.h">
      <Filter>Header Files</Filter>
    </ClInclude>
    <ClInclude Include="..\include\rkit\Core\Format.h">
      <Filter>Header Files\rkit</Filter>
    </ClInclude>
    <ClInclude Include="..\include\rkit\Core\FormatProtos.h">
      <Filter>Header Files\rkit</Filter>
    </ClInclude>
  </ItemGroup>
</Project>