<?xml version="1.0" encoding="utf-8"?>
<Project ToolsVersion="4.0" xmlns="http://schemas.microsoft.com/developer/msbuild/2003">
  <ItemGroup>
    <Filter Include="Source Files">
      <UniqueIdentifier>{4FC737F1-C7A5-4376-A066-2A32D752A2FF}</UniqueIdentifier>
      <Extensions>cpp;c;cc;cxx;c++;cppm;ixx;def;odl;idl;hpj;bat;asm;asmx</Extensions>
    </Filter>
    <Filter Include="Header Files">
      <UniqueIdentifier>{93995380-89BD-4b04-88EB-625FBE52EBFB}</UniqueIdentifier>
      <Extensions>h;hh;hpp;hxx;h++;hm;inl;inc;ipp;xsd</Extensions>
    </Filter>
    <Filter Include="Resource Files">
      <UniqueIdentifier>{67DA6AB6-F800-4c08-8B7A-83BB121AAD01}</UniqueIdentifier>
      <Extensions>rc;ico;cur;bmp;dlg;rc2;rct;bin;rgs;gif;jpg;jpeg;jpe;resx;tiff;tif;png;wav;mfcribbon-ms</Extensions>
    </Filter>
    <Filter Include="Header Files\Data">
      <UniqueIdentifier>{6dbd5bff-7b28-4125-a64c-a48f0ab3a00d}</UniqueIdentifier>
    </Filter>
  </ItemGroup>
  <ItemGroup>
    <ClCompile Include="AnoxMain.cpp">
      <Filter>Source Files</Filter>
    </ClCompile>
    <ClCompile Include="AnoxGame.cpp">
      <Filter>Source Files</Filter>
    </ClCompile>
    <ClCompile Include="AnoxGraphicsSubsystem.cpp">
      <Filter>Source Files</Filter>
    </ClCompile>
    <ClCompile Include="AnoxGraphicsSettings.cpp">
      <Filter>Source Files</Filter>
    </ClCompile>
    <ClCompile Include="AnoxRenderedWindow.cpp">
      <Filter>Source Files</Filter>
    </ClCompile>
    <ClCompile Include="AnoxFrameDrawer.cpp">
      <Filter>Source Files</Filter>
    </ClCompile>
    <ClCompile Include="AnoxGameLogic.cpp">
      <Filter>Source Files</Filter>
    </ClCompile>
    <ClCompile Include="AnoxGameFileSystem.cpp">
      <Filter>Source Files</Filter>
    </ClCompile>
    <ClCompile Include="AnoxResourceManager.cpp">
      <Filter>Source Files</Filter>
    </ClCompile>
    <ClCompile Include="AnoxFileResource.cpp">
      <Filter>Source Files</Filter>
    </ClCompile>
    <ClCompile Include="AnoxCaptureHarness.cpp">
      <Filter>Source Files</Filter>
    </ClCompile>
    <ClCompile Include="AnoxCommandStack.cpp">
      <Filter>Source Files</Filter>
    </ClCompile>
    <ClCompile Include="AnoxCommandRegistry.cpp">
      <Filter>Source Files</Filter>
    </ClCompile>
    <ClCompile Include="AnoxKeybindManager.cpp">
      <Filter>Source Files</Filter>
    </ClCompile>
    <ClCompile Include="AnoxGlobalVars.cpp">
      <Filter>Source Files</Filter>
    </ClCompile>
    <ClCompile Include="AnoxConfigurationSaver.cpp">
      <Filter>Source Files</Filter>
    </ClCompile>
    <ClCompile Include="AnoxConfigurationState.cpp">
      <Filter>Source Files</Filter>
    </ClCompile>
    <ClCompile Include="AnoxBSPModelResource.cpp">
      <Filter>Source Files</Filter>
    </ClCompile>
    <ClCompile Include="AnoxLoadEntireFileJob.cpp">
      <Filter>Source Files</Filter>
    </ClCompile>
    <ClCompile Include="AnoxTextureResource.cpp">
      <Filter>Source Files</Filter>
    </ClCompile>
    <ClCompile Include="AnoxMaterialResource.cpp">
      <Filter>Source Files</Filter>
    </ClCompile>
    <ClCompile Include="AnoxGraphicTimelinedResource.cpp">
      <Filter>Source Files</Filter>
    </ClCompile>
    <ClCompile Include="AnoxEntityDefResource.cpp">
      <Filter>Source Files</Filter>
    </ClCompile>
    <ClCompile Include="AnoxMDAModelResource.cpp">
      <Filter>Source Files</Filter>
    </ClCompile>
    <ClCompile Include="AnoxAbstractSingleFileResource.cpp">
      <Filter>Source Files</Filter>
    </ClCompile>
    <ClCompile Include="AnoxDataReader.cpp">
      <Filter>Source Files</Filter>
    </ClCompile>
    <ClCompile Include="AnoxSpawnDefsResource.cpp">
      <Filter>Source Files</Filter>
    </ClCompile>
  </ItemGroup>
  <ItemGroup>
    <ClInclude Include="..\include\anox\AnoxGraphicsSubsystem.h">
      <Filter>Header Files</Filter>
    </ClInclude>
    <ClInclude Include="AnoxGraphicsResourceManager.h">
      <Filter>Header Files</Filter>
    </ClInclude>
    <ClInclude Include="AnoxGraphicsSettings.h">
      <Filter>Header Files</Filter>
    </ClInclude>
    <ClInclude Include="AnoxRenderedWindow.h">
      <Filter>Header Files</Filter>
    </ClInclude>
    <ClInclude Include="AnoxGraphicsJob.h">
      <Filter>Header Files</Filter>
    </ClInclude>
    <ClInclude Include="AnoxPeriodicResources.h">
      <Filter>Header Files</Filter>
    </ClInclude>
    <ClInclude Include="AnoxFrameDrawer.h">
      <Filter>Header Files</Filter>
    </ClInclude>
    <ClInclude Include="AnoxRecordJobRunner.h">
      <Filter>Header Files</Filter>
    </ClInclude>
    <ClInclude Include="AnoxGameLogic.h">
      <Filter>Header Files</Filter>
    </ClInclude>
    <ClInclude Include="AnoxCaptureHarness.h">
      <Filter>Header Files</Filter>
    </ClInclude>
    <ClInclude Include="AnoxGameFileSystem.h">
      <Filter>Header Files</Filter>
    </ClInclude>
    <ClInclude Include="AnoxResourceManager.h">
      <Filter>Header Files</Filter>
    </ClInclude>
    <ClInclude Include="AnoxFileResource.h">
      <Filter>Header Files</Filter>
    </ClInclude>
    <ClInclude Include="AnoxCommandRegistry.h">
      <Filter>Header Files</Filter>
    </ClInclude>
    <ClInclude Include="AnoxKeybindManager.h">
      <Filter>Header Files</Filter>
    </ClInclude>
    <ClInclude Include="AnoxConfigurationSaver.h">
      <Filter>Header Files</Filter>
    </ClInclude>
    <ClInclude Include="AnoxBSPModelResource.h">
      <Filter>Header Files</Filter>
    </ClInclude>
    <ClInclude Include="AnoxLoadEntireFileJob.h">
      <Filter>Header Files</Filter>
    </ClInclude>
    <ClInclude Include="AnoxMaterialResource.h">
      <Filter>Header Files</Filter>
    </ClInclude>
    <ClInclude Include="AnoxTextureResource.h">
      <Filter>Header Files</Filter>
    </ClInclude>
    <ClInclude Include="GraphicsMemoryAllocator.h">
      <Filter>Header Files</Filter>
    </ClInclude>
    <ClInclude Include="AnoxTexture.h">
      <Filter>Header Files</Filter>
    </ClInclude>
    <ClInclude Include="AnoxGraphicTimelinedResource.h">
      <Filter>Header Files</Filter>
    </ClInclude>
    <ClInclude Include="..\include\anox\Data\BSPModel.h">
      <Filter>Header Files\Data</Filter>
    </ClInclude>
    <ClInclude Include="..\include\anox\Data\CompressedNormal.h">
      <Filter>Header Files\Data</Filter>
    </ClInclude>
    <ClInclude Include="..\include\anox\Data\CompressedQuat.h">
      <Filter>Header Files\Data</Filter>
    </ClInclude>
    <ClInclude Include="..\include\anox\Data\EntityDef.h">
      <Filter>Header Files\Data</Filter>
    </ClInclude>
    <ClInclude Include="..\include\anox\Data\MaterialData.h">
      <Filter>Header Files\Data</Filter>
    </ClInclude>
    <ClInclude Include="..\include\anox\Data\MaterialResourceType.h">
      <Filter>Header Files\Data</Filter>
    </ClInclude>
    <ClInclude Include="..\include\anox\Data\MDAModel.h">
      <Filter>Header Files\Data</Filter>
    </ClInclude>
    <ClInclude Include="..\include\anox\Data\EntityStructs.h">
      <Filter>Header Files\Data</Filter>
    </ClInclude>
    <ClInclude Include="AnoxEntityDefResource.h">
      <Filter>Header Files</Filter>
    </ClInclude>
    <ClInclude Include="AnoxMDAModelResource.h">
      <Filter>Header Files</Filter>
    </ClInclude>
    <ClInclude Include="AnoxAbstractSingleFileResource.h">
      <Filter>Header Files</Filter>
    </ClInclude>
    <ClInclude Include="AnoxDataReader.h">
      <Filter>Header Files</Filter>
    </ClInclude>
    <ClInclude Include="AnoxSpawnDefsResource.h">
      <Filter>Header Files</Filter>
    </ClInclude>
  </ItemGroup>
  <ItemGroup>
    <None Include="..\include\anox\Data\EntityDefs.inl">
      <Filter>Header Files\Data</Filter>
    </None>
  </ItemGroup>
</Project>